// !$*UTF8*$!
{
	archiveVersion = 1;
	classes = {
	};
	objectVersion = 50;
	objects = {

/* Begin PBXBuildFile section */
		7D96DF2D22CF9DF60079503B /* AppDelegate.swift in Sources */ = {isa = PBXBuildFile; fileRef = 7D96DF2C22CF9DF60079503B /* AppDelegate.swift */; };
		7D96DF2F22CF9DF60079503B /* SceneDelegate.swift in Sources */ = {isa = PBXBuildFile; fileRef = 7D96DF2E22CF9DF60079503B /* SceneDelegate.swift */; };
		7D96DF3122CF9DF60079503B /* ContentView.swift in Sources */ = {isa = PBXBuildFile; fileRef = 7D96DF3022CF9DF60079503B /* ContentView.swift */; };
		7D96DF3322CF9DF80079503B /* Assets.xcassets in Resources */ = {isa = PBXBuildFile; fileRef = 7D96DF3222CF9DF80079503B /* Assets.xcassets */; };
		7D96DF3622CF9DF80079503B /* Preview Assets.xcassets in Resources */ = {isa = PBXBuildFile; fileRef = 7D96DF3522CF9DF80079503B /* Preview Assets.xcassets */; };
		7D96DF3922CF9DF80079503B /* LaunchScreen.storyboard in Resources */ = {isa = PBXBuildFile; fileRef = 7D96DF3722CF9DF80079503B /* LaunchScreen.storyboard */; };
		7D96DF4422CF9DF80079503B /* spirolateralTests.swift in Sources */ = {isa = PBXBuildFile; fileRef = 7D96DF4322CF9DF80079503B /* spirolateralTests.swift */; };
/* End PBXBuildFile section */

/* Begin PBXContainerItemProxy section */
		7D96DF4022CF9DF80079503B /* PBXContainerItemProxy */ = {
			isa = PBXContainerItemProxy;
			containerPortal = 7D96DF2122CF9DF60079503B /* Project object */;
			proxyType = 1;
			remoteGlobalIDString = 7D96DF2822CF9DF60079503B;
			remoteInfo = spirolateral;
		};
/* End PBXContainerItemProxy section */

/* Begin PBXFileReference section */
		7D96DF2922CF9DF60079503B /* spirolateral.app */ = {isa = PBXFileReference; explicitFileType = wrapper.application; includeInIndex = 0; path = spirolateral.app; sourceTree = BUILT_PRODUCTS_DIR; };
		7D96DF2C22CF9DF60079503B /* AppDelegate.swift */ = {isa = PBXFileReference; lastKnownFileType = sourcecode.swift; path = AppDelegate.swift; sourceTree = "<group>"; };
		7D96DF2E22CF9DF60079503B /* SceneDelegate.swift */ = {isa = PBXFileReference; lastKnownFileType = sourcecode.swift; path = SceneDelegate.swift; sourceTree = "<group>"; };
		7D96DF3022CF9DF60079503B /* ContentView.swift */ = {isa = PBXFileReference; lastKnownFileType = sourcecode.swift; path = ContentView.swift; sourceTree = "<group>"; };
		7D96DF3222CF9DF80079503B /* Assets.xcassets */ = {isa = PBXFileReference; lastKnownFileType = folder.assetcatalog; path = Assets.xcassets; sourceTree = "<group>"; };
		7D96DF3522CF9DF80079503B /* Preview Assets.xcassets */ = {isa = PBXFileReference; lastKnownFileType = folder.assetcatalog; path = "Preview Assets.xcassets"; sourceTree = "<group>"; };
		7D96DF3822CF9DF80079503B /* Base */ = {isa = PBXFileReference; lastKnownFileType = file.storyboard; name = Base; path = Base.lproj/LaunchScreen.storyboard; sourceTree = "<group>"; };
		7D96DF3A22CF9DF80079503B /* Info.plist */ = {isa = PBXFileReference; lastKnownFileType = text.plist.xml; path = Info.plist; sourceTree = "<group>"; };
		7D96DF3F22CF9DF80079503B /* spirolateralTests.xctest */ = {isa = PBXFileReference; explicitFileType = wrapper.cfbundle; includeInIndex = 0; path = spirolateralTests.xctest; sourceTree = BUILT_PRODUCTS_DIR; };
		7D96DF4322CF9DF80079503B /* spirolateralTests.swift */ = {isa = PBXFileReference; lastKnownFileType = sourcecode.swift; path = spirolateralTests.swift; sourceTree = "<group>"; };
		7D96DF4522CF9DF80079503B /* Info.plist */ = {isa = PBXFileReference; lastKnownFileType = text.plist.xml; path = Info.plist; sourceTree = "<group>"; };
/* End PBXFileReference section */

/* Begin PBXFrameworksBuildPhase section */
		7D96DF2622CF9DF60079503B /* Frameworks */ = {
			isa = PBXFrameworksBuildPhase;
			buildActionMask = 2147483647;
			files = (
			);
			runOnlyForDeploymentPostprocessing = 0;
		};
		7D96DF3C22CF9DF80079503B /* Frameworks */ = {
			isa = PBXFrameworksBuildPhase;
			buildActionMask = 2147483647;
			files = (
			);
			runOnlyForDeploymentPostprocessing = 0;
		};
/* End PBXFrameworksBuildPhase section */

/* Begin PBXGroup section */
		7D96DF2022CF9DF60079503B = {
			isa = PBXGroup;
			children = (
				7D96DF2B22CF9DF60079503B /* spirolateral */,
				7D96DF4222CF9DF80079503B /* spirolateralTests */,
				7D96DF2A22CF9DF60079503B /* Products */,
			);
			sourceTree = "<group>";
		};
		7D96DF2A22CF9DF60079503B /* Products */ = {
			isa = PBXGroup;
			children = (
				7D96DF2922CF9DF60079503B /* spirolateral.app */,
				7D96DF3F22CF9DF80079503B /* spirolateralTests.xctest */,
			);
			name = Products;
			sourceTree = "<group>";
		};
		7D96DF2B22CF9DF60079503B /* spirolateral */ = {
			isa = PBXGroup;
			children = (
				7D96DF2C22CF9DF60079503B /* AppDelegate.swift */,
				7D96DF2E22CF9DF60079503B /* SceneDelegate.swift */,
				7D96DF3022CF9DF60079503B /* ContentView.swift */,
				7D96DF3222CF9DF80079503B /* Assets.xcassets */,
				7D96DF3722CF9DF80079503B /* LaunchScreen.storyboard */,
				7D96DF3A22CF9DF80079503B /* Info.plist */,
				7D96DF3422CF9DF80079503B /* Preview Content */,
			);
			path = spirolateral;
			sourceTree = "<group>";
		};
		7D96DF3422CF9DF80079503B /* Preview Content */ = {
			isa = PBXGroup;
			children = (
				7D96DF3522CF9DF80079503B /* Preview Assets.xcassets */,
			);
			path = "Preview Content";
			sourceTree = "<group>";
		};
		7D96DF4222CF9DF80079503B /* spirolateralTests */ = {
			isa = PBXGroup;
			children = (
				7D96DF4322CF9DF80079503B /* spirolateralTests.swift */,
				7D96DF4522CF9DF80079503B /* Info.plist */,
			);
			path = spirolateralTests;
			sourceTree = "<group>";
		};
/* End PBXGroup section */

/* Begin PBXNativeTarget section */
		7D96DF2822CF9DF60079503B /* spirolateral */ = {
			isa = PBXNativeTarget;
			buildConfigurationList = 7D96DF4822CF9DF80079503B /* Build configuration list for PBXNativeTarget "spirolateral" */;
			buildPhases = (
				7D96DF2522CF9DF60079503B /* Sources */,
				7D96DF2622CF9DF60079503B /* Frameworks */,
				7D96DF2722CF9DF60079503B /* Resources */,
			);
			buildRules = (
			);
			dependencies = (
			);
			name = spirolateral;
			productName = spirolateral;
			productReference = 7D96DF2922CF9DF60079503B /* spirolateral.app */;
			productType = "com.apple.product-type.application";
		};
		7D96DF3E22CF9DF80079503B /* spirolateralTests */ = {
			isa = PBXNativeTarget;
			buildConfigurationList = 7D96DF4B22CF9DF80079503B /* Build configuration list for PBXNativeTarget "spirolateralTests" */;
			buildPhases = (
				7D96DF3B22CF9DF80079503B /* Sources */,
				7D96DF3C22CF9DF80079503B /* Frameworks */,
				7D96DF3D22CF9DF80079503B /* Resources */,
			);
			buildRules = (
			);
			dependencies = (
				7D96DF4122CF9DF80079503B /* PBXTargetDependency */,
			);
			name = spirolateralTests;
			productName = spirolateralTests;
			productReference = 7D96DF3F22CF9DF80079503B /* spirolateralTests.xctest */;
			productType = "com.apple.product-type.bundle.unit-test";
		};
/* End PBXNativeTarget section */

/* Begin PBXProject section */
		7D96DF2122CF9DF60079503B /* Project object */ = {
			isa = PBXProject;
			attributes = {
				LastSwiftUpdateCheck = 1100;
				LastUpgradeCheck = 1100;
				ORGANIZATIONNAME = hlamedia;
				TargetAttributes = {
					7D96DF2822CF9DF60079503B = {
						CreatedOnToolsVersion = 11.0;
					};
					7D96DF3E22CF9DF80079503B = {
						CreatedOnToolsVersion = 11.0;
						TestTargetID = 7D96DF2822CF9DF60079503B;
					};
				};
			};
			buildConfigurationList = 7D96DF2422CF9DF60079503B /* Build configuration list for PBXProject "spirolateral" */;
			compatibilityVersion = "Xcode 9.3";
			developmentRegion = en;
			hasScannedForEncodings = 0;
			knownRegions = (
				en,
				Base,
			);
			mainGroup = 7D96DF2022CF9DF60079503B;
			productRefGroup = 7D96DF2A22CF9DF60079503B /* Products */;
			projectDirPath = "";
			projectRoot = "";
			targets = (
				7D96DF2822CF9DF60079503B /* spirolateral */,
				7D96DF3E22CF9DF80079503B /* spirolateralTests */,
			);
		};
/* End PBXProject section */

/* Begin PBXResourcesBuildPhase section */
		7D96DF2722CF9DF60079503B /* Resources */ = {
			isa = PBXResourcesBuildPhase;
			buildActionMask = 2147483647;
			files = (
				7D96DF3922CF9DF80079503B /* LaunchScreen.storyboard in Resources */,
				7D96DF3622CF9DF80079503B /* Preview Assets.xcassets in Resources */,
				7D96DF3322CF9DF80079503B /* Assets.xcassets in Resources */,
			);
			runOnlyForDeploymentPostprocessing = 0;
		};
		7D96DF3D22CF9DF80079503B /* Resources */ = {
			isa = PBXResourcesBuildPhase;
			buildActionMask = 2147483647;
			files = (
			);
			runOnlyForDeploymentPostprocessing = 0;
		};
/* End PBXResourcesBuildPhase section */

/* Begin PBXSourcesBuildPhase section */
		7D96DF2522CF9DF60079503B /* Sources */ = {
			isa = PBXSourcesBuildPhase;
			buildActionMask = 2147483647;
			files = (
				7D96DF2D22CF9DF60079503B /* AppDelegate.swift in Sources */,
				7D96DF2F22CF9DF60079503B /* SceneDelegate.swift in Sources */,
				7D96DF3122CF9DF60079503B /* ContentView.swift in Sources */,
			);
			runOnlyForDeploymentPostprocessing = 0;
		};
		7D96DF3B22CF9DF80079503B /* Sources */ = {
			isa = PBXSourcesBuildPhase;
			buildActionMask = 2147483647;
			files = (
				7D96DF4422CF9DF80079503B /* spirolateralTests.swift in Sources */,
			);
			runOnlyForDeploymentPostprocessing = 0;
		};
/* End PBXSourcesBuildPhase section */

/* Begin PBXTargetDependency section */
		7D96DF4122CF9DF80079503B /* PBXTargetDependency */ = {
			isa = PBXTargetDependency;
			target = 7D96DF2822CF9DF60079503B /* spirolateral */;
			targetProxy = 7D96DF4022CF9DF80079503B /* PBXContainerItemProxy */;
		};
/* End PBXTargetDependency section */

/* Begin PBXVariantGroup section */
		7D96DF3722CF9DF80079503B /* LaunchScreen.storyboard */ = {
			isa = PBXVariantGroup;
			children = (
				7D96DF3822CF9DF80079503B /* Base */,
			);
			name = LaunchScreen.storyboard;
			sourceTree = "<group>";
		};
/* End PBXVariantGroup section */

/* Begin XCBuildConfiguration section */
		7D96DF4622CF9DF80079503B /* Debug */ = {
			isa = XCBuildConfiguration;
			buildSettings = {
				ALWAYS_SEARCH_USER_PATHS = NO;
				CLANG_ANALYZER_NONNULL = YES;
				CLANG_ANALYZER_NUMBER_OBJECT_CONVERSION = YES_AGGRESSIVE;
				CLANG_CXX_LANGUAGE_STANDARD = "gnu++14";
				CLANG_CXX_LIBRARY = "libc++";
				CLANG_ENABLE_MODULES = YES;
				CLANG_ENABLE_OBJC_ARC = YES;
				CLANG_ENABLE_OBJC_WEAK = YES;
				CLANG_WARN_BLOCK_CAPTURE_AUTORELEASING = YES;
				CLANG_WARN_BOOL_CONVERSION = YES;
				CLANG_WARN_COMMA = YES;
				CLANG_WARN_CONSTANT_CONVERSION = YES;
				CLANG_WARN_DEPRECATED_OBJC_IMPLEMENTATIONS = YES;
				CLANG_WARN_DIRECT_OBJC_ISA_USAGE = YES_ERROR;
				CLANG_WARN_DOCUMENTATION_COMMENTS = YES;
				CLANG_WARN_EMPTY_BODY = YES;
				CLANG_WARN_ENUM_CONVERSION = YES;
				CLANG_WARN_INFINITE_RECURSION = YES;
				CLANG_WARN_INT_CONVERSION = YES;
				CLANG_WARN_NON_LITERAL_NULL_CONVERSION = YES;
				CLANG_WARN_OBJC_IMPLICIT_RETAIN_SELF = YES;
				CLANG_WARN_OBJC_LITERAL_CONVERSION = YES;
				CLANG_WARN_OBJC_ROOT_CLASS = YES_ERROR;
				CLANG_WARN_RANGE_LOOP_ANALYSIS = YES;
				CLANG_WARN_STRICT_PROTOTYPES = YES;
				CLANG_WARN_SUSPICIOUS_MOVE = YES;
				CLANG_WARN_UNGUARDED_AVAILABILITY = YES_AGGRESSIVE;
				CLANG_WARN_UNREACHABLE_CODE = YES;
				CLANG_WARN__DUPLICATE_METHOD_MATCH = YES;
				COPY_PHASE_STRIP = NO;
				DEBUG_INFORMATION_FORMAT = dwarf;
				ENABLE_STRICT_OBJC_MSGSEND = YES;
				ENABLE_TESTABILITY = YES;
				GCC_C_LANGUAGE_STANDARD = gnu11;
				GCC_DYNAMIC_NO_PIC = NO;
				GCC_NO_COMMON_BLOCKS = YES;
				GCC_OPTIMIZATION_LEVEL = 0;
				GCC_PREPROCESSOR_DEFINITIONS = (
					"DEBUG=1",
					"$(inherited)",
				);
				GCC_WARN_64_TO_32_BIT_CONVERSION = YES;
				GCC_WARN_ABOUT_RETURN_TYPE = YES_ERROR;
				GCC_WARN_UNDECLARED_SELECTOR = YES;
				GCC_WARN_UNINITIALIZED_AUTOS = YES_AGGRESSIVE;
				GCC_WARN_UNUSED_FUNCTION = YES;
				GCC_WARN_UNUSED_VARIABLE = YES;
				IPHONEOS_DEPLOYMENT_TARGET = 13.0;
				MTL_ENABLE_DEBUG_INFO = INCLUDE_SOURCE;
				MTL_FAST_MATH = YES;
				ONLY_ACTIVE_ARCH = YES;
				SDKROOT = iphoneos;
				SWIFT_ACTIVE_COMPILATION_CONDITIONS = DEBUG;
				SWIFT_OPTIMIZATION_LEVEL = "-Onone";
			};
			name = Debug;
		};
		7D96DF4722CF9DF80079503B /* Release */ = {
			isa = XCBuildConfiguration;
			buildSettings = {
				ALWAYS_SEARCH_USER_PATHS = NO;
				CLANG_ANALYZER_NONNULL = YES;
				CLANG_ANALYZER_NUMBER_OBJECT_CONVERSION = YES_AGGRESSIVE;
				CLANG_CXX_LANGUAGE_STANDARD = "gnu++14";
				CLANG_CXX_LIBRARY = "libc++";
				CLANG_ENABLE_MODULES = YES;
				CLANG_ENABLE_OBJC_ARC = YES;
				CLANG_ENABLE_OBJC_WEAK = YES;
				CLANG_WARN_BLOCK_CAPTURE_AUTORELEASING = YES;
				CLANG_WARN_BOOL_CONVERSION = YES;
				CLANG_WARN_COMMA = YES;
				CLANG_WARN_CONSTANT_CONVERSION = YES;
				CLANG_WARN_DEPRECATED_OBJC_IMPLEMENTATIONS = YES;
				CLANG_WARN_DIRECT_OBJC_ISA_USAGE = YES_ERROR;
				CLANG_WARN_DOCUMENTATION_COMMENTS = YES;
				CLANG_WARN_EMPTY_BODY = YES;
				CLANG_WARN_ENUM_CONVERSION = YES;
				CLANG_WARN_INFINITE_RECURSION = YES;
				CLANG_WARN_INT_CONVERSION = YES;
				CLANG_WARN_NON_LITERAL_NULL_CONVERSION = YES;
				CLANG_WARN_OBJC_IMPLICIT_RETAIN_SELF = YES;
				CLANG_WARN_OBJC_LITERAL_CONVERSION = YES;
				CLANG_WARN_OBJC_ROOT_CLASS = YES_ERROR;
				CLANG_WARN_RANGE_LOOP_ANALYSIS = YES;
				CLANG_WARN_STRICT_PROTOTYPES = YES;
				CLANG_WARN_SUSPICIOUS_MOVE = YES;
				CLANG_WARN_UNGUARDED_AVAILABILITY = YES_AGGRESSIVE;
				CLANG_WARN_UNREACHABLE_CODE = YES;
				CLANG_WARN__DUPLICATE_METHOD_MATCH = YES;
				COPY_PHASE_STRIP = NO;
				DEBUG_INFORMATION_FORMAT = "dwarf-with-dsym";
				ENABLE_NS_ASSERTIONS = NO;
				ENABLE_STRICT_OBJC_MSGSEND = YES;
				GCC_C_LANGUAGE_STANDARD = gnu11;
				GCC_NO_COMMON_BLOCKS = YES;
				GCC_WARN_64_TO_32_BIT_CONVERSION = YES;
				GCC_WARN_ABOUT_RETURN_TYPE = YES_ERROR;
				GCC_WARN_UNDECLARED_SELECTOR = YES;
				GCC_WARN_UNINITIALIZED_AUTOS = YES_AGGRESSIVE;
				GCC_WARN_UNUSED_FUNCTION = YES;
				GCC_WARN_UNUSED_VARIABLE = YES;
				IPHONEOS_DEPLOYMENT_TARGET = 13.0;
				MTL_ENABLE_DEBUG_INFO = NO;
				MTL_FAST_MATH = YES;
				SDKROOT = iphoneos;
				SWIFT_COMPILATION_MODE = wholemodule;
				SWIFT_OPTIMIZATION_LEVEL = "-O";
				VALIDATE_PRODUCT = YES;
			};
			name = Release;
		};
		7D96DF4922CF9DF80079503B /* Debug */ = {
			isa = XCBuildConfiguration;
			buildSettings = {
				ASSETCATALOG_COMPILER_APPICON_NAME = AppIcon;
				CODE_SIGN_STYLE = Automatic;
				DEVELOPMENT_ASSET_PATHS = "spirolateral/Preview\\ Content";
				DEVELOPMENT_TEAM = 6A744L94GW;
				ENABLE_PREVIEWS = YES;
				INFOPLIST_FILE = spirolateral/Info.plist;
				LD_RUNPATH_SEARCH_PATHS = (
					"$(inherited)",
					"@executable_path/Frameworks",
				);
				PRODUCT_BUNDLE_IDENTIFIER = "-7BT3FB82E.spirolateral";
				PRODUCT_NAME = "$(TARGET_NAME)";
				SWIFT_VERSION = 5.0;
				TARGETED_DEVICE_FAMILY = "1,2";
			};
			name = Debug;
		};
		7D96DF4A22CF9DF80079503B /* Release */ = {
			isa = XCBuildConfiguration;
			buildSettings = {
				ASSETCATALOG_COMPILER_APPICON_NAME = AppIcon;
				CODE_SIGN_STYLE = Automatic;
				DEVELOPMENT_ASSET_PATHS = "spirolateral/Preview\\ Content";
				DEVELOPMENT_TEAM = 6A744L94GW;
				ENABLE_PREVIEWS = YES;
				INFOPLIST_FILE = spirolateral/Info.plist;
				LD_RUNPATH_SEARCH_PATHS = (
					"$(inherited)",
					"@executable_path/Frameworks",
				);
				PRODUCT_BUNDLE_IDENTIFIER = "-7BT3FB82E.spirolateral";
				PRODUCT_NAME = "$(TARGET_NAME)";
				SWIFT_VERSION = 5.0;
				TARGETED_DEVICE_FAMILY = "1,2";
			};
			name = Release;
		};
		7D96DF4C22CF9DF80079503B /* Debug */ = {
			isa = XCBuildConfiguration;
			buildSettings = {
				ALWAYS_EMBED_SWIFT_STANDARD_LIBRARIES = YES;
				BUNDLE_LOADER = "$(TEST_HOST)";
				CODE_SIGN_STYLE = Automatic;
				DEVELOPMENT_TEAM = 6A744L94GW;
				INFOPLIST_FILE = spirolateralTests/Info.plist;
				LD_RUNPATH_SEARCH_PATHS = (
					"$(inherited)",
					"@executable_path/Frameworks",
					"@loader_path/Frameworks",
				);
				PRODUCT_BUNDLE_IDENTIFIER = "-7BT3FB82E.spirolateralTests";
				PRODUCT_NAME = "$(TARGET_NAME)";
				SWIFT_VERSION = 5.0;
				TARGETED_DEVICE_FAMILY = "1,2";
				TEST_HOST = "$(BUILT_PRODUCTS_DIR)/spirolateral.app/spirolateral";
			};
			name = Debug;
		};
		7D96DF4D22CF9DF80079503B /* Release */ = {
			isa = XCBuildConfiguration;
			buildSettings = {
				ALWAYS_EMBED_SWIFT_STANDARD_LIBRARIES = YES;
				BUNDLE_LOADER = "$(TEST_HOST)";
				CODE_SIGN_STYLE = Automatic;
				DEVELOPMENT_TEAM = 6A744L94GW;
				INFOPLIST_FILE = spirolateralTests/Info.plist;
				LD_RUNPATH_SEARCH_PATHS = (
					"$(inherited)",
					"@executable_path/Frameworks",
					"@loader_path/Frameworks",
				);
				PRODUCT_BUNDLE_IDENTIFIER = "-7BT3FB82E.spirolateralTests";
				PRODUCT_NAME = "$(TARGET_NAME)";
				SWIFT_VERSION = 5.0;
				TARGETED_DEVICE_FAMILY = "1,2";
				TEST_HOST = "$(BUILT_PRODUCTS_DIR)/spirolateral.app/spirolateral";
			};
			name = Release;
		};
/* End XCBuildConfiguration section */

/* Begin XCConfigurationList section */
		7D96DF2422CF9DF60079503B /* Build configuration list for PBXProject "spirolateral" */ = {
			isa = XCConfigurationList;
			buildConfigurations = (
				7D96DF4622CF9DF80079503B /* Debug */,
				7D96DF4722CF9DF80079503B /* Release */,
			);
			defaultConfigurationIsVisible = 0;
			defaultConfigurationName = Release;
		};
		7D96DF4822CF9DF80079503B /* Build configuration list for PBXNativeTarget "spirolateral" */ = {
			isa = XCConfigurationList;
			buildConfigurations = (
				7D96DF4922CF9DF80079503B /* Debug */,
				7D96DF4A22CF9DF80079503B /* Release */,
			);
			defaultConfigurationIsVisible = 0;
			defaultConfigurationName = Release;
		};
		7D96DF4B22CF9DF80079503B /* Build configuration list for PBXNativeTarget "spirolateralTests" */ = {
			isa = XCConfigurationList;
			buildConfigurations = (
				7D96DF4C22CF9DF80079503B /* Debug */,
				7D96DF4D22CF9DF80079503B /* Release */,
			);
			defaultConfigurationIsVisible = 0;
			defaultConfigurationName = Release;
		};
/* End XCConfigurationList section */
	};
	rootObject = 7D96DF2122CF9DF60079503B /* Project object */;
}
